<?xml version="1.0" encoding="utf-8"?>
<Project ToolsVersion="4.0" xmlns="http://schemas.microsoft.com/developer/msbuild/2003">
  <ItemGroup>
    <Filter Include="Исходные файлы">
      <UniqueIdentifier>{4FC737F1-C7A5-4376-A066-2A32D752A2FF}</UniqueIdentifier>
      <Extensions>cpp;c;cc;cxx;c++;cppm;ixx;def;odl;idl;hpj;bat;asm;asmx</Extensions>
    </Filter>
    <Filter Include="Файлы заголовков">
      <UniqueIdentifier>{93995380-89BD-4b04-88EB-625FBE52EBFB}</UniqueIdentifier>
      <Extensions>h;hh;hpp;hxx;h++;hm;inl;inc;ipp;xsd</Extensions>
    </Filter>
    <Filter Include="Файлы ресурсов">
      <UniqueIdentifier>{67DA6AB6-F800-4c08-8B7A-83BB121AAD01}</UniqueIdentifier>
      <Extensions>rc;ico;cur;bmp;dlg;rc2;rct;bin;rgs;gif;jpg;jpeg;jpe;resx;tiff;tif;png;wav;mfcribbon-ms</Extensions>
    </Filter>
    <Filter Include="Файлы заголовков\Task3">
      <UniqueIdentifier>{4b11c1c6-06dd-4ce5-96b6-021c3045b9a5}</UniqueIdentifier>
    </Filter>
    <Filter Include="Исходные файлы\Task3">
      <UniqueIdentifier>{9ba9a7c5-5ed6-498d-aba0-b1d86c0f1b8d}</UniqueIdentifier>
    </Filter>
  </ItemGroup>
  <ItemGroup>
    <ClCompile Include="Album.cpp">
      <Filter>Исходные файлы</Filter>
    </ClCompile>
    <ClCompile Include="Band.cpp">
      <Filter>Исходные файлы</Filter>
    </ClCompile>
    <ClCompile Include="Song.cpp">
      <Filter>Исходные файлы</Filter>
    </ClCompile>
    <ClCompile Include="Point.cpp">
      <Filter>Исходные файлы</Filter>
    </ClCompile>
    <ClCompile Include="Ring.cpp">
      <Filter>Исходные файлы</Filter>
    </ClCompile>
    <ClCompile Include="Rectangle.cpp">
      <Filter>Исходные файлы</Filter>
    </ClCompile>
    <ClCompile Include="CollisionManager.cpp">
      <Filter>Исходные файлы</Filter>
    </ClCompile>
    <ClCompile Include="DoubleValidator.cpp">
      <Filter>Исходные файлы</Filter>
    </ClCompile>
    <ClCompile Include="main.cpp">
      <Filter>Исходные файлы</Filter>
    </ClCompile>
    <ClCompile Include="GeometricProgram.cpp">
      <Filter>Исходные файлы</Filter>
    </ClCompile>
    <ClCompile Include="TaskRectangle.cpp">
      <Filter>Исходные файлы\Task3</Filter>
    </ClCompile>
    <ClCompile Include="FigureScaler.cpp">
      <Filter>Исходные файлы\Task3</Filter>
    </ClCompile>
  </ItemGroup>
  <ItemGroup>
    <ClInclude Include="Album.h">
      <Filter>Файлы заголовков</Filter>
    </ClInclude>
    <ClInclude Include="Song.h">
      <Filter>Файлы заголовков</Filter>
    </ClInclude>
    <ClInclude Include="Band.h">
      <Filter>Файлы заголовков</Filter>
    </ClInclude>
    <ClInclude Include="Genre.h">
      <Filter>Файлы заголовков</Filter>
    </ClInclude>
    <ClInclude Include="Ring.h">
      <Filter>Файлы заголовков</Filter>
    </ClInclude>
    <ClInclude Include="Point.h">
      <Filter>Файлы заголовков</Filter>
    </ClInclude>
    <ClInclude Include="CollisionManager.h">
      <Filter>Файлы заголовков</Filter>
    </ClInclude>
    <ClInclude Include="Rectangle.h">
      <Filter>Файлы заголовков</Filter>
    </ClInclude>
    <ClInclude Include="DoubleValidator.h">
      <Filter>Файлы заголовков</Filter>
    </ClInclude>
    <ClInclude Include="GeometricProgram.h">
      <Filter>Файлы заголовков</Filter>
    </ClInclude>
    <ClInclude Include="TaskRectangle.h">
      <Filter>Файлы заголовков\Task3</Filter>
    </ClInclude>
    <ClInclude Include="FigureScaler.h">
      <Filter>Файлы заголовков\Task3</Filter>
    </ClInclude>
  </ItemGroup>
</Project>